Microsoft Visual Studio Solution File, Format Version 12.00
# Visual Studio Version 17
VisualStudioVersion = 17.5.2.0
MinimumVisualStudioVersion = 10.0.40219.1
Project("{FAE04EC0-301F-11D3-BF4B-00C04F79EFBC}") = "GAF2.Api", "GAF2.Api\GAF2.Api.csproj", "{DA501055-9D18-6E15-285B-0826B4365375}"
EndProject
Global
	GlobalSection(SolutionConfigurationPlatforms) = preSolution
		Debug|Any CPU = Debug|Any CPU
		Release|Any CPU = Release|Any CPU
	EndGlobalSection
	GlobalSection(ProjectConfigurationPlatforms) = postSolution
		{DA501055-9D18-6E15-285B-0826B4365375}.Debug|Any CPU.ActiveCfg = Debug|Any CPU
		{DA501055-9D18-6E15-285B-0826B4365375}.Debug|Any CPU.Build.0 = Debug|Any CPU
		{DA501055-9D18-6E15-285B-0826B4365375}.Release|Any CPU.ActiveCfg = Release|Any CPU
		{DA501055-9D18-6E15-285B-0826B4365375}.Release|Any CPU.Build.0 = Release|Any CPU
	EndGlobalSection
	GlobalSection(SolutionProperties) = preSolution
		HideSolutionNode = FALSE
	EndGlobalSection
	GlobalSection(ExtensibilityGlobals) = postSolution
		SolutionGuid = {5CD76DB0-0913-4170-B86C-DCCCD48D8267}
	EndGlobalSection
EndGlobal
